
Microsoft Visual Studio Solution File, Format Version 12.00
# Visual Studio 15
VisualStudioVersion = 15.0.28307.1800
MinimumVisualStudioVersion = 10.0.40219.1
Project("{FAE04EC0-301F-11D3-BF4B-00C04F79EFBC}") = "RecipeManager", "RecipeManager\RecipeManager.csproj", "{1B86BF6A-6BDB-4950-8734-B6D1C0583615}"
EndProject
Project("{FAE04EC0-301F-11D3-BF4B-00C04F79EFBC}") = "Recipes", "Recipes\Recipes.csproj", "{2620A44C-6F3D-429D-AD58-985938027CBA}"
EndProject
Global
	GlobalSection(SolutionConfigurationPlatforms) = preSolution
		Debug|Any CPU = Debug|Any CPU
		Release|Any CPU = Release|Any CPU
	EndGlobalSection
	GlobalSection(ProjectConfigurationPlatforms) = postSolution
		{1B86BF6A-6BDB-4950-8734-B6D1C0583615}.Debug|Any CPU.ActiveCfg = Debug|Any CPU
		{1B86BF6A-6BDB-4950-8734-B6D1C0583615}.Debug|Any CPU.Build.0 = Debug|Any CPU
		{1B86BF6A-6BDB-4950-8734-B6D1C0583615}.Release|Any CPU.ActiveCfg = Release|Any CPU
		{1B86BF6A-6BDB-4950-8734-B6D1C0583615}.Release|Any CPU.Build.0 = Release|Any CPU
		{2620A44C-6F3D-429D-AD58-985938027CBA}.Debug|Any CPU.ActiveCfg = Debug|Any CPU
		{2620A44C-6F3D-429D-AD58-985938027CBA}.Debug|Any CPU.Build.0 = Debug|Any CPU
		{2620A44C-6F3D-429D-AD58-985938027CBA}.Release|Any CPU.ActiveCfg = Release|Any CPU
		{2620A44C-6F3D-429D-AD58-985938027CBA}.Release|Any CPU.Build.0 = Release|Any CPU
	EndGlobalSection
	GlobalSection(SolutionProperties) = preSolution
		HideSolutionNode = FALSE
	EndGlobalSection
	GlobalSection(ExtensibilityGlobals) = postSolution
		SolutionGuid = {BC13FA5E-3A43-43F6-9DF9-5C43420B05FE}
	EndGlobalSection
EndGlobal
